
Microsoft Visual Studio Solution File, Format Version 12.00
# Visual Studio 15
VisualStudioVersion = 15.0.27130.2020
MinimumVisualStudioVersion = 10.0.40219.1
Project("{9A19103F-16F7-4668-BE54-9A1E7A4F7556}") = "API.Core", "API.Core\API.Core.csproj", "{5E67A5DF-B554-4DA1-B07B-D572EA195217}"
EndProject
Project("{9A19103F-16F7-4668-BE54-9A1E7A4F7556}") = "API.Infrastructure", "API.Infrastructure\API.Infrastructure.csproj", "{3AED42CA-5FB2-4F4B-8179-DF3C280A616A}"
EndProject
Project("{9A19103F-16F7-4668-BE54-9A1E7A4F7556}") = "API", "API\API.csproj", "{23830B87-76EB-45CB-BDE0-9C0A1B6B7D7B}"
EndProject
Project("{FAE04EC0-301F-11D3-BF4B-00C04F79EFBC}") = "API.Tests", "API.Tests\API.Tests.csproj", "{969DD91B-3F75-40AD-878D-E3297138E64E}"
EndProject
Global
	GlobalSection(SolutionConfigurationPlatforms) = preSolution
		Debug|Any CPU = Debug|Any CPU
		Release|Any CPU = Release|Any CPU
	EndGlobalSection
	GlobalSection(ProjectConfigurationPlatforms) = postSolution
		{5E67A5DF-B554-4DA1-B07B-D572EA195217}.Debug|Any CPU.ActiveCfg = Debug|Any CPU
		{5E67A5DF-B554-4DA1-B07B-D572EA195217}.Debug|Any CPU.Build.0 = Debug|Any CPU
		{5E67A5DF-B554-4DA1-B07B-D572EA195217}.Release|Any CPU.ActiveCfg = Release|Any CPU
		{5E67A5DF-B554-4DA1-B07B-D572EA195217}.Release|Any CPU.Build.0 = Release|Any CPU
		{3AED42CA-5FB2-4F4B-8179-DF3C280A616A}.Debug|Any CPU.ActiveCfg = Debug|Any CPU
		{3AED42CA-5FB2-4F4B-8179-DF3C280A616A}.Debug|Any CPU.Build.0 = Debug|Any CPU
		{3AED42CA-5FB2-4F4B-8179-DF3C280A616A}.Release|Any CPU.ActiveCfg = Release|Any CPU
		{3AED42CA-5FB2-4F4B-8179-DF3C280A616A}.Release|Any CPU.Build.0 = Release|Any CPU
		{23830B87-76EB-45CB-BDE0-9C0A1B6B7D7B}.Debug|Any CPU.ActiveCfg = Debug|Any CPU
		{23830B87-76EB-45CB-BDE0-9C0A1B6B7D7B}.Debug|Any CPU.Build.0 = Debug|Any CPU
		{23830B87-76EB-45CB-BDE0-9C0A1B6B7D7B}.Release|Any CPU.ActiveCfg = Release|Any CPU
		{23830B87-76EB-45CB-BDE0-9C0A1B6B7D7B}.Release|Any CPU.Build.0 = Release|Any CPU
		{969DD91B-3F75-40AD-878D-E3297138E64E}.Debug|Any CPU.ActiveCfg = Debug|Any CPU
		{969DD91B-3F75-40AD-878D-E3297138E64E}.Debug|Any CPU.Build.0 = Debug|Any CPU
		{969DD91B-3F75-40AD-878D-E3297138E64E}.Release|Any CPU.ActiveCfg = Release|Any CPU
		{969DD91B-3F75-40AD-878D-E3297138E64E}.Release|Any CPU.Build.0 = Release|Any CPU
	EndGlobalSection
	GlobalSection(SolutionProperties) = preSolution
		HideSolutionNode = FALSE
	EndGlobalSection
	GlobalSection(ExtensibilityGlobals) = postSolution
		SolutionGuid = {BBBBB1C6-FBD7-46AF-8A94-A36641243E57}
	EndGlobalSection
EndGlobal
